{
  "object": {
    "pins": [
      {
        "package": "Chinese24Jieqi",
        "repositoryURL": "git@github.com:owenzhao/Chinese-24-Jieqi.git",
        "state": {
          "branch": null,
          "revision": "fb4f43b54e465c491fc1d043d8b4bd0371ae881b",
          "version": "1.0.17"
        }
      }
    ]
  },
  "version": 1
}
