{
  "object": {
    "pins": [
      {
        "package": "Chinese24Jieqi",
        "repositoryURL": "git@github.com:owenzhao/Chinese-24-Jieqi.git",
        "state": {
          "branch": null,
          "revision": "ddea5ae7126c707f5a469d7027300107fe405a20",
          "version": "1.0.11"
        }
      }
    ]
  },
  "version": 1
}
